
Microsoft Visual Studio Solution File, Format Version 12.00
# Visual Studio Version 17
VisualStudioVersion = 17.4.33205.214
MinimumVisualStudioVersion = 10.0.40219.1
Project("{8BC9CEB8-8B4A-11D0-8D11-00A0C91BC942}") = "1_error_program", "1_error_program\1_error_program.vcxproj", "{EB721EE1-9A53-4D70-B275-E0335FC8AB97}"
EndProject
Global
	GlobalSection(SolutionConfigurationPlatforms) = preSolution
		Debug|x64 = Debug|x64
		Debug|x86 = Debug|x86
		Release|x64 = Release|x64
		Release|x86 = Release|x86
	EndGlobalSection
	GlobalSection(ProjectConfigurationPlatforms) = postSolution
		{EB721EE1-9A53-4D70-B275-E0335FC8AB97}.Debug|x64.ActiveCfg = Debug|x64
		{EB721EE1-9A53-4D70-B275-E0335FC8AB97}.Debug|x64.Build.0 = Debug|x64
		{EB721EE1-9A53-4D70-B275-E0335FC8AB97}.Debug|x86.ActiveCfg = Debug|Win32
		{EB721EE1-9A53-4D70-B275-E0335FC8AB97}.Debug|x86.Build.0 = Debug|Win32
		{EB721EE1-9A53-4D70-B275-E0335FC8AB97}.Release|x64.ActiveCfg = Release|x64
		{EB721EE1-9A53-4D70-B275-E0335FC8AB97}.Release|x64.Build.0 = Release|x64
		{EB721EE1-9A53-4D70-B275-E0335FC8AB97}.Release|x86.ActiveCfg = Release|Win32
		{EB721EE1-9A53-4D70-B275-E0335FC8AB97}.Release|x86.Build.0 = Release|Win32
	EndGlobalSection
	GlobalSection(SolutionProperties) = preSolution
		HideSolutionNode = FALSE
	EndGlobalSection
	GlobalSection(ExtensibilityGlobals) = postSolution
		SolutionGuid = {EF5E347C-ABEE-48D8-AB58-10CD0D082D03}
	EndGlobalSection
EndGlobal
